
Microsoft Visual Studio Solution File, Format Version 12.00
# Visual Studio Version 17
VisualStudioVersion = 17.5.33627.172
MinimumVisualStudioVersion = 10.0.40219.1
Project("{FAE04EC0-301F-11D3-BF4B-00C04F79EFBC}") = "NeuCrypto", "NeuCrypto\NeuCrypto.csproj", "{D4049724-BE7C-46FC-8290-352D72BD92AF}"
EndProject
Project("{9A19103F-16F7-4668-BE54-9A1E7A4F7556}") = "TestCrypto", "TestCrypto\TestCrypto.csproj", "{C6E7EA95-BD0D-4522-847A-56C82DA6A27A}"
EndProject
Project("{FAE04EC0-301F-11D3-BF4B-00C04F79EFBC}") = "TestEncryption", "TestEncryption\TestEncryption.csproj", "{302B1C81-72B5-4C79-B7A8-987AE730DCC5}"
EndProject
Global
	GlobalSection(SolutionConfigurationPlatforms) = preSolution
		Debug|Any CPU = Debug|Any CPU
		Debug|x64 = Debug|x64
		Release|Any CPU = Release|Any CPU
		Release|x64 = Release|x64
	EndGlobalSection
	GlobalSection(ProjectConfigurationPlatforms) = postSolution
		{D4049724-BE7C-46FC-8290-352D72BD92AF}.Debug|Any CPU.ActiveCfg = Debug|Any CPU
		{D4049724-BE7C-46FC-8290-352D72BD92AF}.Debug|Any CPU.Build.0 = Debug|Any CPU
		{D4049724-BE7C-46FC-8290-352D72BD92AF}.Debug|x64.ActiveCfg = Debug|x64
		{D4049724-BE7C-46FC-8290-352D72BD92AF}.Debug|x64.Build.0 = Debug|x64
		{D4049724-BE7C-46FC-8290-352D72BD92AF}.Release|Any CPU.ActiveCfg = Release|Any CPU
		{D4049724-BE7C-46FC-8290-352D72BD92AF}.Release|Any CPU.Build.0 = Release|Any CPU
		{D4049724-BE7C-46FC-8290-352D72BD92AF}.Release|x64.ActiveCfg = Release|x64
		{D4049724-BE7C-46FC-8290-352D72BD92AF}.Release|x64.Build.0 = Release|x64
		{C6E7EA95-BD0D-4522-847A-56C82DA6A27A}.Debug|Any CPU.ActiveCfg = Debug|Any CPU
		{C6E7EA95-BD0D-4522-847A-56C82DA6A27A}.Debug|Any CPU.Build.0 = Debug|Any CPU
		{C6E7EA95-BD0D-4522-847A-56C82DA6A27A}.Debug|x64.ActiveCfg = Debug|x64
		{C6E7EA95-BD0D-4522-847A-56C82DA6A27A}.Debug|x64.Build.0 = Debug|x64
		{C6E7EA95-BD0D-4522-847A-56C82DA6A27A}.Release|Any CPU.ActiveCfg = Release|Any CPU
		{C6E7EA95-BD0D-4522-847A-56C82DA6A27A}.Release|Any CPU.Build.0 = Release|Any CPU
		{C6E7EA95-BD0D-4522-847A-56C82DA6A27A}.Release|x64.ActiveCfg = Release|x64
		{C6E7EA95-BD0D-4522-847A-56C82DA6A27A}.Release|x64.Build.0 = Release|x64
		{302B1C81-72B5-4C79-B7A8-987AE730DCC5}.Debug|Any CPU.ActiveCfg = Debug|Any CPU
		{302B1C81-72B5-4C79-B7A8-987AE730DCC5}.Debug|Any CPU.Build.0 = Debug|Any CPU
		{302B1C81-72B5-4C79-B7A8-987AE730DCC5}.Debug|x64.ActiveCfg = Debug|x64
		{302B1C81-72B5-4C79-B7A8-987AE730DCC5}.Debug|x64.Build.0 = Debug|x64
		{302B1C81-72B5-4C79-B7A8-987AE730DCC5}.Release|Any CPU.ActiveCfg = Release|Any CPU
		{302B1C81-72B5-4C79-B7A8-987AE730DCC5}.Release|Any CPU.Build.0 = Release|Any CPU
		{302B1C81-72B5-4C79-B7A8-987AE730DCC5}.Release|x64.ActiveCfg = Release|x64
		{302B1C81-72B5-4C79-B7A8-987AE730DCC5}.Release|x64.Build.0 = Release|x64
	EndGlobalSection
	GlobalSection(SolutionProperties) = preSolution
		HideSolutionNode = FALSE
	EndGlobalSection
	GlobalSection(ExtensibilityGlobals) = postSolution
		SolutionGuid = {4CF83776-01DE-4B32-BAB4-61F1F450D59E}
	EndGlobalSection
EndGlobal
